
Microsoft Visual Studio Solution File, Format Version 12.00
Project("{FAE04EC0-301F-11D3-BF4B-00C04F79EFBC}") = "ASM-Toolkit", "ASM-Toolkit\ASM-Toolkit.csproj", "{8B63305A-7251-44B6-9FB7-1CA61FA3325A}"
EndProject
Project("{FAE04EC0-301F-11D3-BF4B-00C04F79EFBC}") = "Tests", "Tests\Tests.csproj", "{D09FC037-20DF-48C1-A97D-F01C1D40C774}"
EndProject
Project("{FAE04EC0-301F-11D3-BF4B-00C04F79EFBC}") = "ASM-Toolkit-CLI", "ASM-Toolkit-CLI\ASM-Toolkit-CLI.csproj", "{44B94C11-DF4B-44EC-B087-328D1DC30A39}"
EndProject
Global
	GlobalSection(SolutionConfigurationPlatforms) = preSolution
		Debug|Any CPU = Debug|Any CPU
		Release|Any CPU = Release|Any CPU
	EndGlobalSection
	GlobalSection(ProjectConfigurationPlatforms) = postSolution
		{8B63305A-7251-44B6-9FB7-1CA61FA3325A}.Debug|Any CPU.ActiveCfg = Debug|Any CPU
		{8B63305A-7251-44B6-9FB7-1CA61FA3325A}.Debug|Any CPU.Build.0 = Debug|Any CPU
		{8B63305A-7251-44B6-9FB7-1CA61FA3325A}.Release|Any CPU.ActiveCfg = Release|Any CPU
		{8B63305A-7251-44B6-9FB7-1CA61FA3325A}.Release|Any CPU.Build.0 = Release|Any CPU
		{D09FC037-20DF-48C1-A97D-F01C1D40C774}.Debug|Any CPU.ActiveCfg = Debug|Any CPU
		{D09FC037-20DF-48C1-A97D-F01C1D40C774}.Debug|Any CPU.Build.0 = Debug|Any CPU
		{D09FC037-20DF-48C1-A97D-F01C1D40C774}.Release|Any CPU.ActiveCfg = Release|Any CPU
		{D09FC037-20DF-48C1-A97D-F01C1D40C774}.Release|Any CPU.Build.0 = Release|Any CPU
		{44B94C11-DF4B-44EC-B087-328D1DC30A39}.Debug|Any CPU.ActiveCfg = Debug|Any CPU
		{44B94C11-DF4B-44EC-B087-328D1DC30A39}.Debug|Any CPU.Build.0 = Debug|Any CPU
		{44B94C11-DF4B-44EC-B087-328D1DC30A39}.Release|Any CPU.ActiveCfg = Release|Any CPU
		{44B94C11-DF4B-44EC-B087-328D1DC30A39}.Release|Any CPU.Build.0 = Release|Any CPU
	EndGlobalSection
EndGlobal
